
Microsoft Visual Studio Solution File, Format Version 12.00
# Visual Studio Version 17
VisualStudioVersion = 17.14.37301.10 d17.14
MinimumVisualStudioVersion = 10.0.40219.1
Project("{FAE04EC0-301F-11D3-BF4B-00C04F79EFBC}") = "Bai6", "Bai6.csproj", "{5B712408-5D49-4AFA-B527-2779A8897F61}"
EndProject
Global
	GlobalSection(SolutionConfigurationPlatforms) = preSolution
		Debug|Any CPU = Debug|Any CPU
		Release|Any CPU = Release|Any CPU
	EndGlobalSection
	GlobalSection(ProjectConfigurationPlatforms) = postSolution
		{5B712408-5D49-4AFA-B527-2779A8897F61}.Debug|Any CPU.ActiveCfg = Debug|Any CPU
		{5B712408-5D49-4AFA-B527-2779A8897F61}.Debug|Any CPU.Build.0 = Debug|Any CPU
		{5B712408-5D49-4AFA-B527-2779A8897F61}.Release|Any CPU.ActiveCfg = Release|Any CPU
		{5B712408-5D49-4AFA-B527-2779A8897F61}.Release|Any CPU.Build.0 = Release|Any CPU
	EndGlobalSection
	GlobalSection(SolutionProperties) = preSolution
		HideSolutionNode = FALSE
	EndGlobalSection
	GlobalSection(ExtensibilityGlobals) = postSolution
		SolutionGuid = {F73E038D-A0C5-4A88-BB67-894242A84A6E}
	EndGlobalSection
EndGlobal
