
Microsoft Visual Studio Solution File, Format Version 12.00
# Visual Studio Version 17
VisualStudioVersion = 17.14.37301.10 d17.14
MinimumVisualStudioVersion = 10.0.40219.1
Project("{FAE04EC0-301F-11D3-BF4B-00C04F79EFBC}") = "ProductApi", "ProductApi.csproj", "{3525C90F-A3CF-4D0D-9A23-2BA5AAB988AE}"
EndProject
Global
	GlobalSection(SolutionConfigurationPlatforms) = preSolution
		Debug|Any CPU = Debug|Any CPU
		Release|Any CPU = Release|Any CPU
	EndGlobalSection
	GlobalSection(ProjectConfigurationPlatforms) = postSolution
		{3525C90F-A3CF-4D0D-9A23-2BA5AAB988AE}.Debug|Any CPU.ActiveCfg = Debug|Any CPU
		{3525C90F-A3CF-4D0D-9A23-2BA5AAB988AE}.Debug|Any CPU.Build.0 = Debug|Any CPU
		{3525C90F-A3CF-4D0D-9A23-2BA5AAB988AE}.Release|Any CPU.ActiveCfg = Release|Any CPU
		{3525C90F-A3CF-4D0D-9A23-2BA5AAB988AE}.Release|Any CPU.Build.0 = Release|Any CPU
	EndGlobalSection
	GlobalSection(SolutionProperties) = preSolution
		HideSolutionNode = FALSE
	EndGlobalSection
	GlobalSection(ExtensibilityGlobals) = postSolution
		SolutionGuid = {98FC1B5E-5438-491E-B3E9-0A9E73080B55}
	EndGlobalSection
EndGlobal
